
Microsoft Visual Studio Solution File, Format Version 12.00
# Visual Studio Version 16
VisualStudioVersion = 16.0.29215.179
MinimumVisualStudioVersion = 10.0.40219.1
Project("{FAE04EC0-301F-11D3-BF4B-00C04F79EFBC}") = "Mvcapp101", "Mvcapp101.csproj", "{73DDCF6B-B1B1-4E1F-B1BC-507DFA21692B}"
EndProject
Global
	GlobalSection(SolutionConfigurationPlatforms) = preSolution
		Debug|Any CPU = Debug|Any CPU
		Release|Any CPU = Release|Any CPU
	EndGlobalSection
	GlobalSection(ProjectConfigurationPlatforms) = postSolution
		{73DDCF6B-B1B1-4E1F-B1BC-507DFA21692B}.Debug|Any CPU.ActiveCfg = Debug|Any CPU
		{73DDCF6B-B1B1-4E1F-B1BC-507DFA21692B}.Debug|Any CPU.Build.0 = Debug|Any CPU
		{73DDCF6B-B1B1-4E1F-B1BC-507DFA21692B}.Release|Any CPU.ActiveCfg = Release|Any CPU
		{73DDCF6B-B1B1-4E1F-B1BC-507DFA21692B}.Release|Any CPU.Build.0 = Release|Any CPU
	EndGlobalSection
	GlobalSection(SolutionProperties) = preSolution
		HideSolutionNode = FALSE
	EndGlobalSection
	GlobalSection(ExtensibilityGlobals) = postSolution
		SolutionGuid = {C15A19FD-F6A9-45E0-A274-63E70F8D3E44}
	EndGlobalSection
EndGlobal
